
Microsoft Visual Studio Solution File, Format Version 12.00
# Visual Studio Version 17
VisualStudioVersion = 17.5.002.0
MinimumVisualStudioVersion = 10.0.40219.1
Project("{9A19103F-16F7-4668-BE54-9A1E7A4F7556}") = "DesafioPOO", "DesafioPOO.csproj", "{57F41CE3-4445-4D53-A4DD-54C15A107F2F}"
EndProject
Global
	GlobalSection(SolutionConfigurationPlatforms) = preSolution
		Debug|Any CPU = Debug|Any CPU
		Release|Any CPU = Release|Any CPU
	EndGlobalSection
	GlobalSection(ProjectConfigurationPlatforms) = postSolution
		{57F41CE3-4445-4D53-A4DD-54C15A107F2F}.Debug|Any CPU.ActiveCfg = Debug|Any CPU
		{57F41CE3-4445-4D53-A4DD-54C15A107F2F}.Debug|Any CPU.Build.0 = Debug|Any CPU
		{57F41CE3-4445-4D53-A4DD-54C15A107F2F}.Release|Any CPU.ActiveCfg = Release|Any CPU
		{57F41CE3-4445-4D53-A4DD-54C15A107F2F}.Release|Any CPU.Build.0 = Release|Any CPU
	EndGlobalSection
	GlobalSection(SolutionProperties) = preSolution
		HideSolutionNode = FALSE
	EndGlobalSection
	GlobalSection(ExtensibilityGlobals) = postSolution
		SolutionGuid = {1462C357-0CE0-424D-847A-6BF95F67541C}
	EndGlobalSection
EndGlobal
